{
  "name": "nodestreams",
  "version": "1.0.0",
  "lockfileVersion": 1,
  "requires": true,
  "dependencies": {
    "@types/node": {
      "version": "8.0.58",
      "resolved": "https://registry.npmjs.org/@types/node/-/node-8.0.58.tgz",
      "integrity": "sha512-V746iUU7eHNdzQipoACuguDlVhC7IHK8CES1jSkuFt352wwA84BCWPXaGekBd7R5XdNK5ReHONDVKxlL9IreAw=="
    }
  }
}
